
Microsoft Visual Studio Solution File, Format Version 12.00
# Visual Studio 15
VisualStudioVersion = 15.0.27703.2026
MinimumVisualStudioVersion = 10.0.40219.1
Project("{FAE04EC0-301F-11D3-BF4B-00C04F79EFBC}") = "ASP.NET-Core Formularios de datos", "ASP.NET-Core Formularios de datos\ASP.NET-Core Formularios de datos.csproj", "{B053ECE9-9607-48A4-AC51-8D95D7947E03}"
EndProject
Global
	GlobalSection(SolutionConfigurationPlatforms) = preSolution
		Debug|Any CPU = Debug|Any CPU
		Release|Any CPU = Release|Any CPU
	EndGlobalSection
	GlobalSection(ProjectConfigurationPlatforms) = postSolution
		{B053ECE9-9607-48A4-AC51-8D95D7947E03}.Debug|Any CPU.ActiveCfg = Debug|Any CPU
		{B053ECE9-9607-48A4-AC51-8D95D7947E03}.Debug|Any CPU.Build.0 = Debug|Any CPU
		{B053ECE9-9607-48A4-AC51-8D95D7947E03}.Release|Any CPU.ActiveCfg = Release|Any CPU
		{B053ECE9-9607-48A4-AC51-8D95D7947E03}.Release|Any CPU.Build.0 = Release|Any CPU
	EndGlobalSection
	GlobalSection(SolutionProperties) = preSolution
		HideSolutionNode = FALSE
	EndGlobalSection
	GlobalSection(ExtensibilityGlobals) = postSolution
		SolutionGuid = {7ACBFE57-6AFA-464B-92A4-38607C5DFBB5}
	EndGlobalSection
EndGlobal
